
Microsoft Visual Studio Solution File, Format Version 12.00
# Visual Studio 15
VisualStudioVersion = 15.0.28307.329
MinimumVisualStudioVersion = 10.0.40219.1
Project("{FAE04EC0-301F-11D3-BF4B-00C04F79EFBC}") = "ApiTester", "ApiTester\ApiTester.csproj", "{8CAAB211-75C8-4038-A472-F48504E7A1B1}"
EndProject
Project("{FAE04EC0-301F-11D3-BF4B-00C04F79EFBC}") = "ApiTesterUsage", "ApiTesterUsage\ApiTesterUsage.csproj", "{6650F2D4-EA7D-4C0D-A401-FC9A5D459637}"
EndProject
Global
	GlobalSection(SolutionConfigurationPlatforms) = preSolution
		Debug|Any CPU = Debug|Any CPU
		Release|Any CPU = Release|Any CPU
	EndGlobalSection
	GlobalSection(ProjectConfigurationPlatforms) = postSolution
		{8CAAB211-75C8-4038-A472-F48504E7A1B1}.Debug|Any CPU.ActiveCfg = Debug|Any CPU
		{8CAAB211-75C8-4038-A472-F48504E7A1B1}.Debug|Any CPU.Build.0 = Debug|Any CPU
		{8CAAB211-75C8-4038-A472-F48504E7A1B1}.Release|Any CPU.ActiveCfg = Release|Any CPU
		{8CAAB211-75C8-4038-A472-F48504E7A1B1}.Release|Any CPU.Build.0 = Release|Any CPU
		{6650F2D4-EA7D-4C0D-A401-FC9A5D459637}.Debug|Any CPU.ActiveCfg = Debug|Any CPU
		{6650F2D4-EA7D-4C0D-A401-FC9A5D459637}.Debug|Any CPU.Build.0 = Debug|Any CPU
		{6650F2D4-EA7D-4C0D-A401-FC9A5D459637}.Release|Any CPU.ActiveCfg = Release|Any CPU
		{6650F2D4-EA7D-4C0D-A401-FC9A5D459637}.Release|Any CPU.Build.0 = Release|Any CPU
	EndGlobalSection
	GlobalSection(SolutionProperties) = preSolution
		HideSolutionNode = FALSE
	EndGlobalSection
	GlobalSection(ExtensibilityGlobals) = postSolution
		SolutionGuid = {C424C3DD-0C87-4F8B-9E89-291734D27F0F}
	EndGlobalSection
EndGlobal
